
Microsoft Visual Studio Solution File, Format Version 12.00
# Visual Studio Version 16
VisualStudioVersion = 16.0.32510.428
MinimumVisualStudioVersion = 10.0.40219.1
Project("{FAE04EC0-301F-11D3-BF4B-00C04F79EFBC}") = "TresEnRaya", "TresEnRaya\TresEnRaya.csproj", "{BCA922DF-64CE-43D2-9040-E1A79D2DEA7E}"
EndProject
Global
	GlobalSection(SolutionConfigurationPlatforms) = preSolution
		Debug|Any CPU = Debug|Any CPU
		Release|Any CPU = Release|Any CPU
	EndGlobalSection
	GlobalSection(ProjectConfigurationPlatforms) = postSolution
		{BCA922DF-64CE-43D2-9040-E1A79D2DEA7E}.Debug|Any CPU.ActiveCfg = Debug|Any CPU
		{BCA922DF-64CE-43D2-9040-E1A79D2DEA7E}.Debug|Any CPU.Build.0 = Debug|Any CPU
		{BCA922DF-64CE-43D2-9040-E1A79D2DEA7E}.Release|Any CPU.ActiveCfg = Release|Any CPU
		{BCA922DF-64CE-43D2-9040-E1A79D2DEA7E}.Release|Any CPU.Build.0 = Release|Any CPU
	EndGlobalSection
	GlobalSection(SolutionProperties) = preSolution
		HideSolutionNode = FALSE
	EndGlobalSection
	GlobalSection(ExtensibilityGlobals) = postSolution
		SolutionGuid = {D783BF81-74BA-4BF3-B84F-E76BB29BE374}
	EndGlobalSection
EndGlobal
